
Microsoft Visual Studio Solution File, Format Version 12.00
# Visual Studio Version 17
VisualStudioVersion = 17.14.36310.24
MinimumVisualStudioVersion = 10.0.40219.1
Project("{8BC9CEB8-8B4A-11D0-8D11-00A0C91BC942}") = "usermodeapplicationlol", "usermodeapplicationlol.vcxproj", "{F53B03A1-78A2-42C8-9803-025AA06A2F25}"
EndProject
Project("{8BC9CEB8-8B4A-11D0-8D11-00A0C91BC942}") = "otpverify", "otpverifier\otpverifier.vcxproj", "{87487AE4-98A9-4C7E-B6AE-E1ED881136AE}"
EndProject
Global
	GlobalSection(SolutionConfigurationPlatforms) = preSolution
		Debug|x64 = Debug|x64
		Debug|x86 = Debug|x86
		Release|x64 = Release|x64
		Release|x86 = Release|x86
	EndGlobalSection
	GlobalSection(ProjectConfigurationPlatforms) = postSolution
		{F53B03A1-78A2-42C8-9803-025AA06A2F25}.Debug|x64.ActiveCfg = Debug|x64
		{F53B03A1-78A2-42C8-9803-025AA06A2F25}.Debug|x64.Build.0 = Debug|x64
		{F53B03A1-78A2-42C8-9803-025AA06A2F25}.Debug|x86.ActiveCfg = Debug|Win32
		{F53B03A1-78A2-42C8-9803-025AA06A2F25}.Debug|x86.Build.0 = Debug|Win32
		{F53B03A1-78A2-42C8-9803-025AA06A2F25}.Release|x64.ActiveCfg = Release|x64
		{F53B03A1-78A2-42C8-9803-025AA06A2F25}.Release|x64.Build.0 = Release|x64
		{F53B03A1-78A2-42C8-9803-025AA06A2F25}.Release|x86.ActiveCfg = Release|Win32
		{F53B03A1-78A2-42C8-9803-025AA06A2F25}.Release|x86.Build.0 = Release|Win32
		{87487AE4-98A9-4C7E-B6AE-E1ED881136AE}.Debug|x64.ActiveCfg = Debug|x64
		{87487AE4-98A9-4C7E-B6AE-E1ED881136AE}.Debug|x64.Build.0 = Debug|x64
		{87487AE4-98A9-4C7E-B6AE-E1ED881136AE}.Debug|x86.ActiveCfg = Debug|Win32
		{87487AE4-98A9-4C7E-B6AE-E1ED881136AE}.Debug|x86.Build.0 = Debug|Win32
		{87487AE4-98A9-4C7E-B6AE-E1ED881136AE}.Release|x64.ActiveCfg = Release|x64
		{87487AE4-98A9-4C7E-B6AE-E1ED881136AE}.Release|x64.Build.0 = Release|x64
		{87487AE4-98A9-4C7E-B6AE-E1ED881136AE}.Release|x86.ActiveCfg = Release|Win32
		{87487AE4-98A9-4C7E-B6AE-E1ED881136AE}.Release|x86.Build.0 = Release|Win32
	EndGlobalSection
	GlobalSection(SolutionProperties) = preSolution
		HideSolutionNode = FALSE
	EndGlobalSection
	GlobalSection(ExtensibilityGlobals) = postSolution
		SolutionGuid = {F561C6BD-ECF6-40E7-B783-27BD1417A5AE}
	EndGlobalSection
EndGlobal
